
Microsoft Visual Studio Solution File, Format Version 12.00
Project("{2150E333-8FDC-42A3-9474-1A3956D46DE8}") = "src", "src", "{93853666-35FA-4F2C-91E1-4E24B9952D6A}"
EndProject
Project("{FAE04EC0-301F-11D3-BF4B-00C04F79EFBC}") = "WebApi", "WebApi\WebApi.csproj", "{314BE999-A11B-4AB8-A935-08583939A508}"
EndProject
Project("{2150E333-8FDC-42A3-9474-1A3956D46DE8}") = "Modules", "Modules", "{60E9794E-B47B-4411-A589-AB81F400673A}"
EndProject
Project("{FAE04EC0-301F-11D3-BF4B-00C04F79EFBC}") = "User", "User\User.csproj", "{2F3AF106-BFC0-4C7B-8B24-4AC0054FF97C}"
EndProject
Project("{FAE04EC0-301F-11D3-BF4B-00C04F79EFBC}") = "Product", "Product\Product.csproj", "{9451E041-C375-4215-9CDC-677E231FEC20}"
EndProject
Project("{FAE04EC0-301F-11D3-BF4B-00C04F79EFBC}") = "Table", "Table\Table.csproj", "{60EFCFB4-C154-4CE3-931F-70AE538F9C9E}"
EndProject
Project("{FAE04EC0-301F-11D3-BF4B-00C04F79EFBC}") = "Order", "Order\Order.csproj", "{471E671B-DC64-4E65-B65F-9A5D985462A1}"
EndProject
Project("{FAE04EC0-301F-11D3-BF4B-00C04F79EFBC}") = "Common", "Common\Common.csproj", "{4729144C-AC94-475A-A10E-AFEA1EF00491}"
EndProject
Project("{FAE04EC0-301F-11D3-BF4B-00C04F79EFBC}") = "Infrastructure", "Infrastructure\Infrastructure.csproj", "{8FF88260-6B70-4D77-8F3F-7419F5DBF85A}"
EndProject
Global
	GlobalSection(SolutionConfigurationPlatforms) = preSolution
		Debug|Any CPU = Debug|Any CPU
		Release|Any CPU = Release|Any CPU
	EndGlobalSection
	GlobalSection(ProjectConfigurationPlatforms) = postSolution
		{314BE999-A11B-4AB8-A935-08583939A508}.Debug|Any CPU.ActiveCfg = Debug|Any CPU
		{314BE999-A11B-4AB8-A935-08583939A508}.Debug|Any CPU.Build.0 = Debug|Any CPU
		{314BE999-A11B-4AB8-A935-08583939A508}.Release|Any CPU.ActiveCfg = Release|Any CPU
		{314BE999-A11B-4AB8-A935-08583939A508}.Release|Any CPU.Build.0 = Release|Any CPU
		{2F3AF106-BFC0-4C7B-8B24-4AC0054FF97C}.Debug|Any CPU.ActiveCfg = Debug|Any CPU
		{2F3AF106-BFC0-4C7B-8B24-4AC0054FF97C}.Debug|Any CPU.Build.0 = Debug|Any CPU
		{2F3AF106-BFC0-4C7B-8B24-4AC0054FF97C}.Release|Any CPU.ActiveCfg = Release|Any CPU
		{2F3AF106-BFC0-4C7B-8B24-4AC0054FF97C}.Release|Any CPU.Build.0 = Release|Any CPU
		{9451E041-C375-4215-9CDC-677E231FEC20}.Debug|Any CPU.ActiveCfg = Debug|Any CPU
		{9451E041-C375-4215-9CDC-677E231FEC20}.Debug|Any CPU.Build.0 = Debug|Any CPU
		{9451E041-C375-4215-9CDC-677E231FEC20}.Release|Any CPU.ActiveCfg = Release|Any CPU
		{9451E041-C375-4215-9CDC-677E231FEC20}.Release|Any CPU.Build.0 = Release|Any CPU
		{60EFCFB4-C154-4CE3-931F-70AE538F9C9E}.Debug|Any CPU.ActiveCfg = Debug|Any CPU
		{60EFCFB4-C154-4CE3-931F-70AE538F9C9E}.Debug|Any CPU.Build.0 = Debug|Any CPU
		{60EFCFB4-C154-4CE3-931F-70AE538F9C9E}.Release|Any CPU.ActiveCfg = Release|Any CPU
		{60EFCFB4-C154-4CE3-931F-70AE538F9C9E}.Release|Any CPU.Build.0 = Release|Any CPU
		{471E671B-DC64-4E65-B65F-9A5D985462A1}.Debug|Any CPU.ActiveCfg = Debug|Any CPU
		{471E671B-DC64-4E65-B65F-9A5D985462A1}.Debug|Any CPU.Build.0 = Debug|Any CPU
		{471E671B-DC64-4E65-B65F-9A5D985462A1}.Release|Any CPU.ActiveCfg = Release|Any CPU
		{471E671B-DC64-4E65-B65F-9A5D985462A1}.Release|Any CPU.Build.0 = Release|Any CPU
		{4729144C-AC94-475A-A10E-AFEA1EF00491}.Debug|Any CPU.ActiveCfg = Debug|Any CPU
		{4729144C-AC94-475A-A10E-AFEA1EF00491}.Debug|Any CPU.Build.0 = Debug|Any CPU
		{4729144C-AC94-475A-A10E-AFEA1EF00491}.Release|Any CPU.ActiveCfg = Release|Any CPU
		{4729144C-AC94-475A-A10E-AFEA1EF00491}.Release|Any CPU.Build.0 = Release|Any CPU
		{8FF88260-6B70-4D77-8F3F-7419F5DBF85A}.Debug|Any CPU.ActiveCfg = Debug|Any CPU
		{8FF88260-6B70-4D77-8F3F-7419F5DBF85A}.Debug|Any CPU.Build.0 = Debug|Any CPU
		{8FF88260-6B70-4D77-8F3F-7419F5DBF85A}.Release|Any CPU.ActiveCfg = Release|Any CPU
		{8FF88260-6B70-4D77-8F3F-7419F5DBF85A}.Release|Any CPU.Build.0 = Release|Any CPU
	EndGlobalSection
	GlobalSection(NestedProjects) = preSolution
		{314BE999-A11B-4AB8-A935-08583939A508} = {93853666-35FA-4F2C-91E1-4E24B9952D6A}
		{60E9794E-B47B-4411-A589-AB81F400673A} = {93853666-35FA-4F2C-91E1-4E24B9952D6A}
		{2F3AF106-BFC0-4C7B-8B24-4AC0054FF97C} = {60E9794E-B47B-4411-A589-AB81F400673A}
		{9451E041-C375-4215-9CDC-677E231FEC20} = {60E9794E-B47B-4411-A589-AB81F400673A}
		{60EFCFB4-C154-4CE3-931F-70AE538F9C9E} = {60E9794E-B47B-4411-A589-AB81F400673A}
		{471E671B-DC64-4E65-B65F-9A5D985462A1} = {60E9794E-B47B-4411-A589-AB81F400673A}
		{4729144C-AC94-475A-A10E-AFEA1EF00491} = {93853666-35FA-4F2C-91E1-4E24B9952D6A}
		{8FF88260-6B70-4D77-8F3F-7419F5DBF85A} = {93853666-35FA-4F2C-91E1-4E24B9952D6A}
	EndGlobalSection
EndGlobal
